
Microsoft Visual Studio Solution File, Format Version 12.00
# Visual Studio Version 17
VisualStudioVersion = 17.3.32825.248
MinimumVisualStudioVersion = 10.0.40219.1
Project("{FAE04EC0-301F-11D3-BF4B-00C04F79EFBC}") = "CsharpFundamentals_HW1_Task3", "CsharpFundamentals_HW1_Task3\CsharpFundamentals_HW1_Task3.csproj", "{F5250E1D-0467-4E00-855B-79904C34DD2A}"
EndProject
Global
	GlobalSection(SolutionConfigurationPlatforms) = preSolution
		Debug|Any CPU = Debug|Any CPU
		Release|Any CPU = Release|Any CPU
	EndGlobalSection
	GlobalSection(ProjectConfigurationPlatforms) = postSolution
		{F5250E1D-0467-4E00-855B-79904C34DD2A}.Debug|Any CPU.ActiveCfg = Debug|Any CPU
		{F5250E1D-0467-4E00-855B-79904C34DD2A}.Debug|Any CPU.Build.0 = Debug|Any CPU
		{F5250E1D-0467-4E00-855B-79904C34DD2A}.Release|Any CPU.ActiveCfg = Release|Any CPU
		{F5250E1D-0467-4E00-855B-79904C34DD2A}.Release|Any CPU.Build.0 = Release|Any CPU
	EndGlobalSection
	GlobalSection(SolutionProperties) = preSolution
		HideSolutionNode = FALSE
	EndGlobalSection
	GlobalSection(ExtensibilityGlobals) = postSolution
		SolutionGuid = {384B0712-D38B-4D26-A5F0-4DF589D25ED6}
	EndGlobalSection
EndGlobal
