
Microsoft Visual Studio Solution File, Format Version 12.00
# Visual Studio Version 17
VisualStudioVersion = 17.3.32825.248
MinimumVisualStudioVersion = 10.0.40219.1
Project("{FAE04EC0-301F-11D3-BF4B-00C04F79EFBC}") = "CsharpFundamentals_HW1_Task2", "CsharpFundamentals_HW1_Task2\CsharpFundamentals_HW1_Task2.csproj", "{484A3D03-6346-41CF-A519-A21B4F8B60AD}"
EndProject
Global
	GlobalSection(SolutionConfigurationPlatforms) = preSolution
		Debug|Any CPU = Debug|Any CPU
		Release|Any CPU = Release|Any CPU
	EndGlobalSection
	GlobalSection(ProjectConfigurationPlatforms) = postSolution
		{484A3D03-6346-41CF-A519-A21B4F8B60AD}.Debug|Any CPU.ActiveCfg = Debug|Any CPU
		{484A3D03-6346-41CF-A519-A21B4F8B60AD}.Debug|Any CPU.Build.0 = Debug|Any CPU
		{484A3D03-6346-41CF-A519-A21B4F8B60AD}.Release|Any CPU.ActiveCfg = Release|Any CPU
		{484A3D03-6346-41CF-A519-A21B4F8B60AD}.Release|Any CPU.Build.0 = Release|Any CPU
	EndGlobalSection
	GlobalSection(SolutionProperties) = preSolution
		HideSolutionNode = FALSE
	EndGlobalSection
	GlobalSection(ExtensibilityGlobals) = postSolution
		SolutionGuid = {A767C541-3644-402A-8A33-C13BC64964AB}
	EndGlobalSection
EndGlobal
